// !$*UTF8*$!
{
	archiveVersion = 1;
	classes = {
	};
	objectVersion = 46;
	objects = {

/* Begin PBXBuildFile section */
		D83CAF7F19FCF0210062C056 /* AppDelegate.swift in Sources */ = {isa = PBXBuildFile; fileRef = D83CAF7E19FCF0210062C056 /* AppDelegate.swift */; };
		D83CAF8119FCF0210062C056 /* Images.xcassets in Resources */ = {isa = PBXBuildFile; fileRef = D83CAF8019FCF0210062C056 /* Images.xcassets */; };
		D83CAF8419FCF0210062C056 /* MainMenu.xib in Resources */ = {isa = PBXBuildFile; fileRef = D83CAF8219FCF0210062C056 /* MainMenu.xib */; };
		D83CAF9019FCF0210062C056 /* TeaTimeTests.swift in Sources */ = {isa = PBXBuildFile; fileRef = D83CAF8F19FCF0210062C056 /* TeaTimeTests.swift */; };
/* End PBXBuildFile section */

/* Begin PBXContainerItemProxy section */
		D83CAF8A19FCF0210062C056 /* PBXContainerItemProxy */ = {
			isa = PBXContainerItemProxy;
			containerPortal = D83CAF7119FCF0210062C056 /* Project object */;
			proxyType = 1;
			remoteGlobalIDString = D83CAF7819FCF0210062C056;
			remoteInfo = TeaTime;
		};
/* End PBXContainerItemProxy section */

/* Begin PBXFileReference section */
		D83CAF7919FCF0210062C056 /* TeaTime.app */ = {isa = PBXFileReference; explicitFileType = wrapper.application; includeInIndex = 0; path = TeaTime.app; sourceTree = BUILT_PRODUCTS_DIR; };
		D83CAF7D19FCF0210062C056 /* Info.plist */ = {isa = PBXFileReference; lastKnownFileType = text.plist.xml; path = Info.plist; sourceTree = "<group>"; };
		D83CAF7E19FCF0210062C056 /* AppDelegate.swift */ = {isa = PBXFileReference; lastKnownFileType = sourcecode.swift; path = AppDelegate.swift; sourceTree = "<group>"; };
		D83CAF8019FCF0210062C056 /* Images.xcassets */ = {isa = PBXFileReference; lastKnownFileType = folder.assetcatalog; path = Images.xcassets; sourceTree = "<group>"; };
		D83CAF8319FCF0210062C056 /* Base */ = {isa = PBXFileReference; lastKnownFileType = file.xib; name = Base; path = Base.lproj/MainMenu.xib; sourceTree = "<group>"; };
		D83CAF8919FCF0210062C056 /* TeaTimeTests.xctest */ = {isa = PBXFileReference; explicitFileType = wrapper.cfbundle; includeInIndex = 0; path = TeaTimeTests.xctest; sourceTree = BUILT_PRODUCTS_DIR; };
		D83CAF8E19FCF0210062C056 /* Info.plist */ = {isa = PBXFileReference; lastKnownFileType = text.plist.xml; path = Info.plist; sourceTree = "<group>"; };
		D83CAF8F19FCF0210062C056 /* TeaTimeTests.swift */ = {isa = PBXFileReference; lastKnownFileType = sourcecode.swift; path = TeaTimeTests.swift; sourceTree = "<group>"; };
/* End PBXFileReference section */

/* Begin PBXFrameworksBuildPhase section */
		D83CAF7619FCF0210062C056 /* Frameworks */ = {
			isa = PBXFrameworksBuildPhase;
			buildActionMask = 2147483647;
			files = (
			);
			runOnlyForDeploymentPostprocessing = 0;
		};
		D83CAF8619FCF0210062C056 /* Frameworks */ = {
			isa = PBXFrameworksBuildPhase;
			buildActionMask = 2147483647;
			files = (
			);
			runOnlyForDeploymentPostprocessing = 0;
		};
/* End PBXFrameworksBuildPhase section */

/* Begin PBXGroup section */
		D83CAF7019FCF0210062C056 = {
			isa = PBXGroup;
			children = (
				D83CAF7B19FCF0210062C056 /* TeaTime */,
				D83CAF8C19FCF0210062C056 /* TeaTimeTests */,
				D83CAF7A19FCF0210062C056 /* Products */,
			);
			sourceTree = "<group>";
		};
		D83CAF7A19FCF0210062C056 /* Products */ = {
			isa = PBXGroup;
			children = (
				D83CAF7919FCF0210062C056 /* TeaTime.app */,
				D83CAF8919FCF0210062C056 /* TeaTimeTests.xctest */,
			);
			name = Products;
			sourceTree = "<group>";
		};
		D83CAF7B19FCF0210062C056 /* TeaTime */ = {
			isa = PBXGroup;
			children = (
				D83CAF7E19FCF0210062C056 /* AppDelegate.swift */,
				D83CAF8019FCF0210062C056 /* Images.xcassets */,
				D83CAF8219FCF0210062C056 /* MainMenu.xib */,
				D83CAF7C19FCF0210062C056 /* Supporting Files */,
			);
			path = TeaTime;
			sourceTree = "<group>";
		};
		D83CAF7C19FCF0210062C056 /* Supporting Files */ = {
			isa = PBXGroup;
			children = (
				D83CAF7D19FCF0210062C056 /* Info.plist */,
			);
			name = "Supporting Files";
			sourceTree = "<group>";
		};
		D83CAF8C19FCF0210062C056 /* TeaTimeTests */ = {
			isa = PBXGroup;
			children = (
				D83CAF8F19FCF0210062C056 /* TeaTimeTests.swift */,
				D83CAF8D19FCF0210062C056 /* Supporting Files */,
			);
			path = TeaTimeTests;
			sourceTree = "<group>";
		};
		D83CAF8D19FCF0210062C056 /* Supporting Files */ = {
			isa = PBXGroup;
			children = (
				D83CAF8E19FCF0210062C056 /* Info.plist */,
			);
			name = "Supporting Files";
			sourceTree = "<group>";
		};
/* End PBXGroup section */

/* Begin PBXNativeTarget section */
		D83CAF7819FCF0210062C056 /* TeaTime */ = {
			isa = PBXNativeTarget;
			buildConfigurationList = D83CAF9319FCF0210062C056 /* Build configuration list for PBXNativeTarget "TeaTime" */;
			buildPhases = (
				D83CAF7519FCF0210062C056 /* Sources */,
				D83CAF7619FCF0210062C056 /* Frameworks */,
				D83CAF7719FCF0210062C056 /* Resources */,
			);
			buildRules = (
			);
			dependencies = (
			);
			name = TeaTime;
			productName = TeaTime;
			productReference = D83CAF7919FCF0210062C056 /* TeaTime.app */;
			productType = "com.apple.product-type.application";
		};
		D83CAF8819FCF0210062C056 /* TeaTimeTests */ = {
			isa = PBXNativeTarget;
			buildConfigurationList = D83CAF9619FCF0210062C056 /* Build configuration list for PBXNativeTarget "TeaTimeTests" */;
			buildPhases = (
				D83CAF8519FCF0210062C056 /* Sources */,
				D83CAF8619FCF0210062C056 /* Frameworks */,
				D83CAF8719FCF0210062C056 /* Resources */,
			);
			buildRules = (
			);
			dependencies = (
				D83CAF8B19FCF0210062C056 /* PBXTargetDependency */,
			);
			name = TeaTimeTests;
			productName = TeaTimeTests;
			productReference = D83CAF8919FCF0210062C056 /* TeaTimeTests.xctest */;
			productType = "com.apple.product-type.bundle.unit-test";
		};
/* End PBXNativeTarget section */

/* Begin PBXProject section */
		D83CAF7119FCF0210062C056 /* Project object */ = {
			isa = PBXProject;
			attributes = {
				LastUpgradeCheck = 0610;
				ORGANIZATIONNAME = "Rainer Schmid";
				TargetAttributes = {
					D83CAF7819FCF0210062C056 = {
						CreatedOnToolsVersion = 6.1;
					};
					D83CAF8819FCF0210062C056 = {
						CreatedOnToolsVersion = 6.1;
						TestTargetID = D83CAF7819FCF0210062C056;
					};
				};
			};
			buildConfigurationList = D83CAF7419FCF0210062C056 /* Build configuration list for PBXProject "TeaTime" */;
			compatibilityVersion = "Xcode 3.2";
			developmentRegion = English;
			hasScannedForEncodings = 0;
			knownRegions = (
				en,
				Base,
			);
			mainGroup = D83CAF7019FCF0210062C056;
			productRefGroup = D83CAF7A19FCF0210062C056 /* Products */;
			projectDirPath = "";
			projectRoot = "";
			targets = (
				D83CAF7819FCF0210062C056 /* TeaTime */,
				D83CAF8819FCF0210062C056 /* TeaTimeTests */,
			);
		};
/* End PBXProject section */

/* Begin PBXResourcesBuildPhase section */
		D83CAF7719FCF0210062C056 /* Resources */ = {
			isa = PBXResourcesBuildPhase;
			buildActionMask = 2147483647;
			files = (
				D83CAF8119FCF0210062C056 /* Images.xcassets in Resources */,
				D83CAF8419FCF0210062C056 /* MainMenu.xib in Resources */,
			);
			runOnlyForDeploymentPostprocessing = 0;
		};
		D83CAF8719FCF0210062C056 /* Resources */ = {
			isa = PBXResourcesBuildPhase;
			buildActionMask = 2147483647;
			files = (
			);
			runOnlyForDeploymentPostprocessing = 0;
		};
/* End PBXResourcesBuildPhase section */

/* Begin PBXSourcesBuildPhase section */
		D83CAF7519FCF0210062C056 /* Sources */ = {
			isa = PBXSourcesBuildPhase;
			buildActionMask = 2147483647;
			files = (
				D83CAF7F19FCF0210062C056 /* AppDelegate.swift in Sources */,
			);
			runOnlyForDeploymentPostprocessing = 0;
		};
		D83CAF8519FCF0210062C056 /* Sources */ = {
			isa = PBXSourcesBuildPhase;
			buildActionMask = 2147483647;
			files = (
				D83CAF9019FCF0210062C056 /* TeaTimeTests.swift in Sources */,
			);
			runOnlyForDeploymentPostprocessing = 0;
		};
/* End PBXSourcesBuildPhase section */

/* Begin PBXTargetDependency section */
		D83CAF8B19FCF0210062C056 /* PBXTargetDependency */ = {
			isa = PBXTargetDependency;
			target = D83CAF7819FCF0210062C056 /* TeaTime */;
			targetProxy = D83CAF8A19FCF0210062C056 /* PBXContainerItemProxy */;
		};
/* End PBXTargetDependency section */

/* Begin PBXVariantGroup section */
		D83CAF8219FCF0210062C056 /* MainMenu.xib */ = {
			isa = PBXVariantGroup;
			children = (
				D83CAF8319FCF0210062C056 /* Base */,
			);
			name = MainMenu.xib;
			sourceTree = "<group>";
		};
/* End PBXVariantGroup section */

/* Begin XCBuildConfiguration section */
		D83CAF9119FCF0210062C056 /* Debug */ = {
			isa = XCBuildConfiguration;
			buildSettings = {
				ALWAYS_SEARCH_USER_PATHS = NO;
				CLANG_CXX_LANGUAGE_STANDARD = "gnu++0x";
				CLANG_CXX_LIBRARY = "libc++";
				CLANG_ENABLE_MODULES = YES;
				CLANG_ENABLE_OBJC_ARC = YES;
				CLANG_WARN_BOOL_CONVERSION = YES;
				CLANG_WARN_CONSTANT_CONVERSION = YES;
				CLANG_WARN_DIRECT_OBJC_ISA_USAGE = YES_ERROR;
				CLANG_WARN_EMPTY_BODY = YES;
				CLANG_WARN_ENUM_CONVERSION = YES;
				CLANG_WARN_INT_CONVERSION = YES;
				CLANG_WARN_OBJC_ROOT_CLASS = YES_ERROR;
				CLANG_WARN_UNREACHABLE_CODE = YES;
				CLANG_WARN__DUPLICATE_METHOD_MATCH = YES;
				CODE_SIGN_IDENTITY = "-";
				COPY_PHASE_STRIP = NO;
				ENABLE_STRICT_OBJC_MSGSEND = YES;
				GCC_C_LANGUAGE_STANDARD = gnu99;
				GCC_DYNAMIC_NO_PIC = NO;
				GCC_OPTIMIZATION_LEVEL = 0;
				GCC_PREPROCESSOR_DEFINITIONS = (
					"DEBUG=1",
					"$(inherited)",
				);
				GCC_SYMBOLS_PRIVATE_EXTERN = NO;
				GCC_WARN_64_TO_32_BIT_CONVERSION = YES;
				GCC_WARN_ABOUT_RETURN_TYPE = YES_ERROR;
				GCC_WARN_UNDECLARED_SELECTOR = YES;
				GCC_WARN_UNINITIALIZED_AUTOS = YES_AGGRESSIVE;
				GCC_WARN_UNUSED_FUNCTION = YES;
				GCC_WARN_UNUSED_VARIABLE = YES;
				MACOSX_DEPLOYMENT_TARGET = 10.10;
				MTL_ENABLE_DEBUG_INFO = YES;
				ONLY_ACTIVE_ARCH = YES;
				SDKROOT = macosx;
				SWIFT_OPTIMIZATION_LEVEL = "-Onone";
			};
			name = Debug;
		};
		D83CAF9219FCF0210062C056 /* Release */ = {
			isa = XCBuildConfiguration;
			buildSettings = {
				ALWAYS_SEARCH_USER_PATHS = NO;
				CLANG_CXX_LANGUAGE_STANDARD = "gnu++0x";
				CLANG_CXX_LIBRARY = "libc++";
				CLANG_ENABLE_MODULES = YES;
				CLANG_ENABLE_OBJC_ARC = YES;
				CLANG_WARN_BOOL_CONVERSION = YES;
				CLANG_WARN_CONSTANT_CONVERSION = YES;
				CLANG_WARN_DIRECT_OBJC_ISA_USAGE = YES_ERROR;
				CLANG_WARN_EMPTY_BODY = YES;
				CLANG_WARN_ENUM_CONVERSION = YES;
				CLANG_WARN_INT_CONVERSION = YES;
				CLANG_WARN_OBJC_ROOT_CLASS = YES_ERROR;
				CLANG_WARN_UNREACHABLE_CODE = YES;
				CLANG_WARN__DUPLICATE_METHOD_MATCH = YES;
				CODE_SIGN_IDENTITY = "-";
				COPY_PHASE_STRIP = YES;
				DEBUG_INFORMATION_FORMAT = "dwarf-with-dsym";
				ENABLE_NS_ASSERTIONS = NO;
				ENABLE_STRICT_OBJC_MSGSEND = YES;
				GCC_C_LANGUAGE_STANDARD = gnu99;
				GCC_WARN_64_TO_32_BIT_CONVERSION = YES;
				GCC_WARN_ABOUT_RETURN_TYPE = YES_ERROR;
				GCC_WARN_UNDECLARED_SELECTOR = YES;
				GCC_WARN_UNINITIALIZED_AUTOS = YES_AGGRESSIVE;
				GCC_WARN_UNUSED_FUNCTION = YES;
				GCC_WARN_UNUSED_VARIABLE = YES;
				MACOSX_DEPLOYMENT_TARGET = 10.10;
				MTL_ENABLE_DEBUG_INFO = NO;
				SDKROOT = macosx;
			};
			name = Release;
		};
		D83CAF9419FCF0210062C056 /* Debug */ = {
			isa = XCBuildConfiguration;
			buildSettings = {
				ASSETCATALOG_COMPILER_APPICON_NAME = AppIcon;
				COMBINE_HIDPI_IMAGES = YES;
				INFOPLIST_FILE = TeaTime/Info.plist;
				LD_RUNPATH_SEARCH_PATHS = "$(inherited) @executable_path/../Frameworks";
				PRODUCT_NAME = "$(TARGET_NAME)";
			};
			name = Debug;
		};
		D83CAF9519FCF0210062C056 /* Release */ = {
			isa = XCBuildConfiguration;
			buildSettings = {
				ASSETCATALOG_COMPILER_APPICON_NAME = AppIcon;
				COMBINE_HIDPI_IMAGES = YES;
				INFOPLIST_FILE = TeaTime/Info.plist;
				LD_RUNPATH_SEARCH_PATHS = "$(inherited) @executable_path/../Frameworks";
				PRODUCT_NAME = "$(TARGET_NAME)";
			};
			name = Release;
		};
		D83CAF9719FCF0210062C056 /* Debug */ = {
			isa = XCBuildConfiguration;
			buildSettings = {
				BUNDLE_LOADER = "$(TEST_HOST)";
				COMBINE_HIDPI_IMAGES = YES;
				FRAMEWORK_SEARCH_PATHS = (
					"$(DEVELOPER_FRAMEWORKS_DIR)",
					"$(inherited)",
				);
				GCC_PREPROCESSOR_DEFINITIONS = (
					"DEBUG=1",
					"$(inherited)",
				);
				INFOPLIST_FILE = TeaTimeTests/Info.plist;
				LD_RUNPATH_SEARCH_PATHS = "$(inherited) @executable_path/../Frameworks @loader_path/../Frameworks";
				PRODUCT_NAME = "$(TARGET_NAME)";
				TEST_HOST = "$(BUILT_PRODUCTS_DIR)/TeaTime.app/Contents/MacOS/TeaTime";
			};
			name = Debug;
		};
		D83CAF9819FCF0210062C056 /* Release */ = {
			isa = XCBuildConfiguration;
			buildSettings = {
				BUNDLE_LOADER = "$(TEST_HOST)";
				COMBINE_HIDPI_IMAGES = YES;
				FRAMEWORK_SEARCH_PATHS = (
					"$(DEVELOPER_FRAMEWORKS_DIR)",
					"$(inherited)",
				);
				INFOPLIST_FILE = TeaTimeTests/Info.plist;
				LD_RUNPATH_SEARCH_PATHS = "$(inherited) @executable_path/../Frameworks @loader_path/../Frameworks";
				PRODUCT_NAME = "$(TARGET_NAME)";
				TEST_HOST = "$(BUILT_PRODUCTS_DIR)/TeaTime.app/Contents/MacOS/TeaTime";
			};
			name = Release;
		};
/* End XCBuildConfiguration section */

/* Begin XCConfigurationList section */
		D83CAF7419FCF0210062C056 /* Build configuration list for PBXProject "TeaTime" */ = {
			isa = XCConfigurationList;
			buildConfigurations = (
				D83CAF9119FCF0210062C056 /* Debug */,
				D83CAF9219FCF0210062C056 /* Release */,
			);
			defaultConfigurationIsVisible = 0;
			defaultConfigurationName = Release;
		};
		D83CAF9319FCF0210062C056 /* Build configuration list for PBXNativeTarget "TeaTime" */ = {
			isa = XCConfigurationList;
			buildConfigurations = (
				D83CAF9419FCF0210062C056 /* Debug */,
				D83CAF9519FCF0210062C056 /* Release */,
			);
			defaultConfigurationIsVisible = 0;
		};
		D83CAF9619FCF0210062C056 /* Build configuration list for PBXNativeTarget "TeaTimeTests" */ = {
			isa = XCConfigurationList;
			buildConfigurations = (
				D83CAF9719FCF0210062C056 /* Debug */,
				D83CAF9819FCF0210062C056 /* Release */,
			);
			defaultConfigurationIsVisible = 0;
		};
/* End XCConfigurationList section */
	};
	rootObject = D83CAF7119FCF0210062C056 /* Project object */;
}
